// !$*UTF8*$!
{
	archiveVersion = 1;
	classes = {
	};
	objectVersion = 56;
	objects = {

/* Begin PBXBuildFile section */
		1A2B3C4D5E6F7A8B9C0D /* ZCinemaApp.swift in Sources */ = {isa = PBXBuildFile; fileRef = 1A2B3C4D5E6F7A8B9C0E /* ZCinemaApp.swift */; };
		1A2B3C4D5E6F7A8B9C0F /* ContentView.swift in Sources */ = {isa = PBXBuildFile; fileRef = 1A2B3C4D5E6F7A8B9C10 /* ContentView.swift */; };
		1A2B3C4D5E6F7A8B9C11 /* ContentItem.swift in Sources */ = {isa = PBXBuildFile; fileRef = 1A2B3C4D5E6F7A8B9C12 /* ContentItem.swift */; };
		1A2B3C4D5E6F7A8B9C13 /* Season.swift in Sources */ = {isa = PBXBuildFile; fileRef = 1A2B3C4D5E6F7A8B9C14 /* Season.swift */; };
		1A2B3C4D5E6F7A8B9C15 /* Episode.swift in Sources */ = {isa = PBXBuildFile; fileRef = 1A2B3C4D5E6F7A8B9C16 /* Episode.swift */; };
		1A2B3C4D5E6F7A8B9C17 /* VideoServer.swift in Sources */ = {isa = PBXBuildFile; fileRef = 1A2B3C4D5E6F7A8B9C18 /* VideoServer.swift */; };
		1A2B3C4D5E6F7A8B9C19 /* ScraperService.swift in Sources */ = {isa = PBXBuildFile; fileRef = 1A2B3C4D5E6F7A8B9C1A /* ScraperService.swift */; };
		1A2B3C4D5E6F7A8B9C1B /* HTMLParser.swift in Sources */ = {isa = PBXBuildFile; fileRef = 1A2B3C4D5E6F7A8B9C1C /* HTMLParser.swift */; };
		1A2B3C4D5E6F7A8B9C1D /* VideoExtractor.swift in Sources */ = {isa = PBXBuildFile; fileRef = 1A2B3C4D5E6F7A8B9C1E /* VideoExtractor.swift */; };
		1A2B3C4D5E6F7A8B9C1F /* DoodstreamParser.swift in Sources */ = {isa = PBXBuildFile; fileRef = 1A2B3C4D5E6F7A8B9C20 /* DoodstreamParser.swift */; };
		1A2B3C4D5E6F7A8B9C21 /* MixdropParser.swift in Sources */ = {isa = PBXBuildFile; fileRef = 1A2B3C4D5E6F7A8B9C22 /* MixdropParser.swift */; };
		1A2B3C4D5E6F7A8B9C23 /* StreamtapeParser.swift in Sources */ = {isa = PBXBuildFile; fileRef = 1A2B3C4D5E6F7A8B9C24 /* StreamtapeParser.swift */; };
		1A2B3C4D5E6F7A8B9C25 /* CybervynxParser.swift in Sources */ = {isa = PBXBuildFile; fileRef = 1A2B3C4D5E6F7A8B9C26 /* CybervynxParser.swift */; };
		1A2B3C4D5E6F7A8B9C27 /* HomeView.swift in Sources */ = {isa = PBXBuildFile; fileRef = 1A2B3C4D5E6F7A8B9C28 /* HomeView.swift */; };
		1A2B3C4D5E6F7A8B9C29 /* ContentRow.swift in Sources */ = {isa = PBXBuildFile; fileRef = 1A2B3C4D5E6F7A8B9C2A /* ContentRow.swift */; };
		1A2B3C4D5E6F7A8B9C2B /* ContentDetailView.swift in Sources */ = {isa = PBXBuildFile; fileRef = 1A2B3C4D5E6F7A8B9C2C /* ContentDetailView.swift */; };
		1A2B3C4D5E6F7A8B9C2D /* VideoPlayerView.swift in Sources */ = {isa = PBXBuildFile; fileRef = 1A2B3C4D5E6F7A8B9C2E /* VideoPlayerView.swift */; };
		1A2B3C4D5E6F7A8B9C2F /* EpisodeListView.swift in Sources */ = {isa = PBXBuildFile; fileRef = 1A2B3C4D5E6F7A8B9C30 /* EpisodeListView.swift */; };
		1A2B3C4D5E6F7A8B9C31 /* SettingsView.swift in Sources */ = {isa = PBXBuildFile; fileRef = 1A2B3C4D5E6F7A8B9C32 /* SettingsView.swift */; };
		1A2B3C4D5E6F7A8B9C33 /* Constants.swift in Sources */ = {isa = PBXBuildFile; fileRef = 1A2B3C4D5E6F7A8B9C34 /* Constants.swift */; };
		1A2B3C4D5E6F7A8B9C35 /* Extensions.swift in Sources */ = {isa = PBXBuildFile; fileRef = 1A2B3C4D5E6F7A8B9C36 /* Extensions.swift */; };
		1A2B3C4D5E6F7A8B9C37 /* Base64Helper.swift in Sources */ = {isa = PBXBuildFile; fileRef = 1A2B3C4D5E6F7A8B9C38 /* Base64Helper.swift */; };
/* End PBXBuildFile section */

/* Begin PBXFileReference section */
		1A2B3C4D5E6F7A8B9C0D /* ZCinema.app */ = {isa = PBXFileReference; explicitFileType = wrapper.application; includeInIndex = 0; path = ZCinema.app; sourceTree = BUILT_PRODUCTS_DIR; };
		1A2B3C4D5E6F7A8B9C0E /* ZCinemaApp.swift */ = {isa = PBXFileReference; lastKnownFileType = sourcecode.swift; path = ZCinemaApp.swift; sourceTree = "<group>"; };
		1A2B3C4D5E6F7A8B9C10 /* ContentView.swift */ = {isa = PBXFileReference; lastKnownFileType = sourcecode.swift; path = ContentView.swift; sourceTree = "<group>"; };
		1A2B3C4D5E6F7A8B9C12 /* ContentItem.swift */ = {isa = PBXFileReference; lastKnownFileType = sourcecode.swift; path = ContentItem.swift; sourceTree = "<group>"; };
		1A2B3C4D5E6F7A8B9C14 /* Season.swift */ = {isa = PBXFileReference; lastKnownFileType = sourcecode.swift; path = Season.swift; sourceTree = "<group>"; };
		1A2B3C4D5E6F7A8B9C16 /* Episode.swift */ = {isa = PBXFileReference; lastKnownFileType = sourcecode.swift; path = Episode.swift; sourceTree = "<group>"; };
		1A2B3C4D5E6F7A8B9C18 /* VideoServer.swift */ = {isa = PBXFileReference; lastKnownFileType = sourcecode.swift; path = VideoServer.swift; sourceTree = "<group>"; };
		1A2B3C4D5E6F7A8B9C1A /* ScraperService.swift */ = {isa = PBXFileReference; lastKnownFileType = sourcecode.swift; path = ScraperService.swift; sourceTree = "<group>"; };
		1A2B3C4D5E6F7A8B9C1C /* HTMLParser.swift */ = {isa = PBXFileReference; lastKnownFileType = sourcecode.swift; path = HTMLParser.swift; sourceTree = "<group>"; };
		1A2B3C4D5E6F7A8B9C1E /* VideoExtractor.swift */ = {isa = PBXFileReference; lastKnownFileType = sourcecode.swift; path = VideoExtractor.swift; sourceTree = "<group>"; };
		1A2B3C4D5E6F7A8B9C20 /* DoodstreamParser.swift */ = {isa = PBXFileReference; lastKnownFileType = sourcecode.swift; path = DoodstreamParser.swift; sourceTree = "<group>"; };
		1A2B3C4D5E6F7A8B9C22 /* MixdropParser.swift */ = {isa = PBXFileReference; lastKnownFileType = sourcecode.swift; path = MixdropParser.swift; sourceTree = "<group>"; };
		1A2B3C4D5E6F7A8B9C24 /* StreamtapeParser.swift */ = {isa = PBXFileReference; lastKnownFileType = sourcecode.swift; path = StreamtapeParser.swift; sourceTree = "<group>"; };
		1A2B3C4D5E6F7A8B9C26 /* CybervynxParser.swift */ = {isa = PBXFileReference; lastKnownFileType = sourcecode.swift; path = CybervynxParser.swift; sourceTree = "<group>"; };
		1A2B3C4D5E6F7A8B9C28 /* HomeView.swift */ = {isa = PBXFileReference; lastKnownFileType = sourcecode.swift; path = HomeView.swift; sourceTree = "<group>"; };
		1A2B3C4D5E6F7A8B9C2A /* ContentRow.swift */ = {isa = PBXFileReference; lastKnownFileType = sourcecode.swift; path = ContentRow.swift; sourceTree = "<group>"; };
		1A2B3C4D5E6F7A8B9C2C /* ContentDetailView.swift */ = {isa = PBXFileReference; lastKnownFileType = sourcecode.swift; path = ContentDetailView.swift; sourceTree = "<group>"; };
		1A2B3C4D5E6F7A8B9C2E /* VideoPlayerView.swift */ = {isa = PBXFileReference; lastKnownFileType = sourcecode.swift; path = VideoPlayerView.swift; sourceTree = "<group>"; };
		1A2B3C4D5E6F7A8B9C30 /* EpisodeListView.swift */ = {isa = PBXFileReference; lastKnownFileType = sourcecode.swift; path = EpisodeListView.swift; sourceTree = "<group>"; };
		1A2B3C4D5E6F7A8B9C32 /* SettingsView.swift */ = {isa = PBXFileReference; lastKnownFileType = sourcecode.swift; path = SettingsView.swift; sourceTree = "<group>"; };
		1A2B3C4D5E6F7A8B9C34 /* Constants.swift */ = {isa = PBXFileReference; lastKnownFileType = sourcecode.swift; path = Constants.swift; sourceTree = "<group>"; };
		1A2B3C4D5E6F7A8B9C36 /* Extensions.swift */ = {isa = PBXFileReference; lastKnownFileType = sourcecode.swift; path = Extensions.swift; sourceTree = "<group>"; };
		1A2B3C4D5E6F7A8B9C38 /* Base64Helper.swift */ = {isa = PBXFileReference; lastKnownFileType = sourcecode.swift; path = Base64Helper.swift; sourceTree = "<group>"; };
		1A2B3C4D5E6F7A8B9C39 /* Info.plist */ = {isa = PBXFileReference; lastKnownFileType = text.plist.xml; path = Info.plist; sourceTree = "<group>"; };
/* End PBXFileReference section */

/* Begin PBXFrameworksBuildPhase section */
		1A2B3C4D5E6F7A8B9C3A /* Frameworks */ = {
			isa = PBXFrameworksBuildPhase;
			buildActionMask = 2147483647;
			files = (
			);
			runOnlyForDeploymentPostprocessing = 0;
		};
/* End PBXFrameworksBuildPhase section */

/* Begin PBXGroup section */
		1A2B3C4D5E6F7A8B9C3B = {
			isa = PBXGroup;
			children = (
				1A2B3C4D5E6F7A8B9C3C /* ZCinema */,
				1A2B3C4D5E6F7A8B9C3D /* Products */,
			);
			sourceTree = "<group>";
		};
		1A2B3C4D5E6F7A8B9C3C /* ZCinema */ = {
			isa = PBXGroup;
			children = (
				1A2B3C4D5E6F7A8B9C3E /* App */,
				1A2B3C4D5E6F7A8B9C3F /* Models */,
				1A2B3C4D5E6F7A8B9C40 /* Services */,
				1A2B3C4D5E6F7A8B9C41 /* Views */,
				1A2B3C4D5E6F7A8B9C42 /* Utilities */,
				1A2B3C4D5E6F7A8B9C43 /* Assets.xcassets */,
				1A2B3C4D5E6F7A8B9C39 /* Info.plist */,
			);
			path = ZCinema;
			sourceTree = "<group>";
		};
		1A2B3C4D5E6F7A8B9C3D /* Products */ = {
			isa = PBXGroup;
			children = (
				1A2B3C4D5E6F7A8B9C0D /* ZCinema.app */,
			);
			name = Products;
			sourceTree = "<group>";
		};
		1A2B3C4D5E6F7A8B9C3E /* App */ = {
			isa = PBXGroup;
			children = (
				1A2B3C4D5E6F7A8B9C0E /* ZCinemaApp.swift */,
				1A2B3C4D5E6F7A8B9C10 /* ContentView.swift */,
			);
			path = App;
			sourceTree = "<group>";
		};
		1A2B3C4D5E6F7A8B9C3F /* Models */ = {
			isa = PBXGroup;
			children = (
				1A2B3C4D5E6F7A8B9C12 /* ContentItem.swift */,
				1A2B3C4D5E6F7A8B9C14 /* Season.swift */,
				1A2B3C4D5E6F7A8B9C16 /* Episode.swift */,
				1A2B3C4D5E6F7A8B9C18 /* VideoServer.swift */,
			);
			path = Models;
			sourceTree = "<group>";
		};
		1A2B3C4D5E6F7A8B9C40 /* Services */ = {
			isa = PBXGroup;
			children = (
				1A2B3C4D5E6F7A8B9C1A /* ScraperService.swift */,
				1A2B3C4D5E6F7A8B9C1C /* HTMLParser.swift */,
				1A2B3C4D5E6F7A8B9C1E /* VideoExtractor.swift */,
				1A2B3C4D5E6F7A8B9C44 /* HostParsers */,
			);
			path = Services;
			sourceTree = "<group>";
		};
		1A2B3C4D5E6F7A8B9C44 /* HostParsers */ = {
			isa = PBXGroup;
			children = (
				1A2B3C4D5E6F7A8B9C20 /* DoodstreamParser.swift */,
				1A2B3C4D5E6F7A8B9C22 /* MixdropParser.swift */,
				1A2B3C4D5E6F7A8B9C24 /* StreamtapeParser.swift */,
				1A2B3C4D5E6F7A8B9C26 /* CybervynxParser.swift */,
			);
			path = HostParsers;
			sourceTree = "<group>";
		};
		1A2B3C4D5E6F7A8B9C41 /* Views */ = {
			isa = PBXGroup;
			children = (
				1A2B3C4D5E6F7A8B9C28 /* HomeView.swift */,
				1A2B3C4D5E6F7A8B9C2A /* ContentRow.swift */,
				1A2B3C4D5E6F7A8B9C2C /* ContentDetailView.swift */,
				1A2B3C4D5E6F7A8B9C2E /* VideoPlayerView.swift */,
				1A2B3C4D5E6F7A8B9C30 /* EpisodeListView.swift */,
				1A2B3C4D5E6F7A8B9C32 /* SettingsView.swift */,
			);
			path = Views;
			sourceTree = "<group>";
		};
		1A2B3C4D5E6F7A8B9C42 /* Utilities */ = {
			isa = PBXGroup;
			children = (
				1A2B3C4D5E6F7A8B9C34 /* Constants.swift */,
				1A2B3C4D5E6F7A8B9C36 /* Extensions.swift */,
				1A2B3C4D5E6F7A8B9C38 /* Base64Helper.swift */,
			);
			path = Utilities;
			sourceTree = "<group>";
		};
		1A2B3C4D5E6F7A8B9C43 /* Assets.xcassets */ = {
			isa = PBXGroup;
			children = (
			);
			path = Assets.xcassets;
			sourceTree = "<group>";
		};
/* End PBXGroup section */

/* Begin PBXNativeTarget section */
		1A2B3C4D5E6F7A8B9C45 /* ZCinema */ = {
			isa = PBXNativeTarget;
			buildConfigurationList = 1A2B3C4D5E6F7A8B9C46 /* Build configuration list for PBXNativeTarget "ZCinema" */;
			buildPhases = (
				1A2B3C4D5E6F7A8B9C47 /* Sources */,
				1A2B3C4D5E6F7A8B9C3A /* Frameworks */,
				1A2B3C4D5E6F7A8B9C48 /* Resources */,
			);
			buildRules = (
			);
			dependencies = (
			);
			name = ZCinema;
			productName = ZCinema;
			productReference = 1A2B3C4D5E6F7A8B9C0D /* ZCinema.app */;
			productType = "com.apple.product-type.application";
		};
/* End PBXNativeTarget section */

/* Begin PBXProject section */
		1A2B3C4D5E6F7A8B9C49 /* Project object */ = {
			isa = PBXProject;
			attributes = {
				LastSwiftUpdateCheck = 1530;
				LastUpgradeCheck = 1530;
				TargetAttributes = {
					1A2B3C4D5E6F7A8B9C45 = {
						CreatedOnToolsVersion = 15.4;
					};
				};
			};
			buildConfigurationList = 1A2B3C4D5E6F7A8B9C4A /* Build configuration list for PBXProject "ZCinema" */;
			compatibilityVersion = "Xcode 14.0";
			developmentRegion = en;
			hasScannedForEncodings = 0;
			knownRegions = (
				en,
				Base,
				ar,
			);
			mainGroup = 1A2B3C4D5E6F7A8B9C3B;
			productRefGroup = 1A2B3C4D5E6F7A8B9C3D /* Products */;
			projectDirPath = "";
			projectRoot = "";
			targets = (
				1A2B3C4D5E6F7A8B9C45 /* ZCinema */,
			);
		};
/* End PBXProject section */

/* Begin PBXResourcesBuildPhase section */
		1A2B3C4D5E6F7A8B9C48 /* Resources */ = {
			isa = PBXResourcesBuildPhase;
			buildActionMask = 2147483647;
			files = (
			);
			runOnlyForDeploymentPostprocessing = 0;
		};
/* End PBXResourcesBuildPhase section */

/* Begin PBXSourcesBuildPhase section */
		1A2B3C4D5E6F7A8B9C47 /* Sources */ = {
			isa = PBXSourcesBuildPhase;
			buildActionMask = 2147483647;
			files = (
				1A2B3C4D5E6F7A8B9C0F /* ContentView.swift */,
				1A2B3C4D5E6F7A8B9C11 /* ContentItem.swift */,
				1A2B3C4D5E6F7A8B9C13 /* Season.swift */,
				1A2B3C4D5E6F7A8B9C15 /* Episode.swift */,
				1A2B3C4D5E6F7A8B9C17 /* VideoServer.swift */,
				1A2B3C4D5E6F7A8B9C19 /* ScraperService.swift */,
				1A2B3C4D5E6F7A8B9C1B /* HTMLParser.swift */,
				1A2B3C4D5E6F7A8B9C1D /* VideoExtractor.swift */,
				1A2B3C4D5E6F7A8B9C1F /* DoodstreamParser.swift */,
				1A2B3C4D5E6F7A8B9C21 /* MixdropParser.swift */,
				1A2B3C4D5E6F7A8B9C23 /* StreamtapeParser.swift */,
				1A2B3C4D5E6F7A8B9C25 /* CybervynxParser.swift */,
				1A2B3C4D5E6F7A8B9C27 /* HomeView.swift */,
				1A2B3C4D5E6F7A8B9C29 /* ContentRow.swift */,
				1A2B3C4D5E6F7A8B9C2B /* ContentDetailView.swift */,
				1A2B3C4D5E6F7A8B9C2D /* VideoPlayerView.swift */,
				1A2B3C4D5E6F7A8B9C2F /* EpisodeListView.swift */,
				1A2B3C4D5E6F7A8B9C31 /* SettingsView.swift */,
				1A2B3C4D5E6F7A8B9C33 /* Constants.swift */,
				1A2B3C4D5E6F7A8B9C35 /* Extensions.swift */,
				1A2B3C4D5E6F7A8B9C37 /* Base64Helper.swift */,
				1A2B3C4D5E6F7A8B9C0D /* ZCinemaApp.swift */,
			);
			runOnlyForDeploymentPostprocessing = 0;
		};
/* End PBXSourcesBuildPhase section */

/* Begin XCBuildConfiguration section */
		1A2B3C4D5E6F7A8B9C4B /* Debug */ = {
			isa = XCBuildConfiguration;
			buildSettings = {
				ALWAYS_SEARCH_USER_PATHS = NO;
				ASSETCATALOG_COMPILER_GENERATE_SWIFT_ASSET_SYMBOL_EXTENSIONS = YES;
				CLANG_ANALYZER_NONNULL = YES;
				CLANG_ANALYZER_NUMBER_OBJECT_CONVERSION = YES_AGGRESSIVE;
				CLANG_CXX_LANGUAGE_STANDARD = "gnu++20";
				CLANG_ENABLE_MODULES = YES;
				CLANG_ENABLE_OBJC_ARC = YES;
				CLANG_ENABLE_OBJC_WEAK = YES;
				CLANG_WARN_BLOCK_CAPTURE_AUTORELEASING = YES;
				CLANG_WARN_BOOL_CONVERSION = YES;
				CLANG_WARN_COMMA = YES;
				CLANG_WARN_CONSTANT_CONVERSION = YES;
				CLANG_WARN_DEPRECATED_OBJC_IMPLEMENTATIONS = YES;
				CLANG_WARN_DIRECT_OBJC_ISA_USAGE = YES_ERROR;
				CLANG_WARN_DOCUMENTATION_COMMENTS = YES;
				CLANG_WARN_EMPTY_BODY = YES;
				CLANG_WARN_ENUM_CONVERSION = YES;
				CLANG_WARN_INFINITE_RECURSION = YES;
				CLANG_WARN_INT_CONVERSION = YES;
				CLANG_WARN_NON_LITERAL_NULL_CONVERSION = YES;
				CLANG_WARN_OBJC_IMPLICIT_RETAIN_SELF = YES;
				CLANG_WARN_OBJC_LITERAL_CONVERSION = YES;
				CLANG_WARN_OBJC_ROOT_CLASS = YES_ERROR;
				CLANG_WARN_QUOTED_INCLUDE_IN_FRAMEWORK_HEADER = YES;
				CLANG_WARN_RANGE_LOOP_ANALYSIS = YES;
				CLANG_WARN_STRICT_PROTOTYPES = YES;
				CLANG_WARN_SUSPICIOUS_MOVE = YES;
				CLANG_WARN_UNGUARDED_AVAILABILITY = YES_AGGRESSIVE;
				CLANG_WARN_UNREACHABLE_CODE = YES;
				CLANG_WARN__DUPLICATE_METHOD_MATCH = YES;
				COPY_PHASE_STRIP = NO;
				DEBUG_INFORMATION_FORMAT = dwarf;
				ENABLE_STRICT_OBJC_MSGSEND = YES;
				ENABLE_TESTABILITY = YES;
				ENABLE_USER_SCRIPT_SANDBOXING = YES;
				GCC_C_LANGUAGE_STANDARD = gnu17;
				GCC_DYNAMIC_NO_PIC = NO;
				GCC_NO_COMMON_BLOCKS = YES;
				GCC_OPTIMIZATION_LEVEL = 0;
				GCC_PREPROCESSOR_DEFINITIONS = (
					"DEBUG=1",
					"$(inherited)",
				);
				GCC_WARN_64_TO_32_BIT_CONVERSION = YES;
				GCC_WARN_ABOUT_RETURN_TYPE = YES_ERROR;
				GCC_WARN_UNDECLARED_SELECTOR = YES;
				GCC_WARN_UNINITIALIZED_AUTOS = YES_AGGRESSIVE;
				GCC_WARN_UNUSED_FUNCTION = YES;
				GCC_WARN_UNUSED_VARIABLE = YES;
				IPHONEOS_DEPLOYMENT_TARGET = 17.0;
				LOCALIZATION_PREFERS_STRING_CATALOGS = YES;
				MTL_ENABLE_DEBUG_INFO = INCLUDE_SOURCE;
				MTL_FAST_MATH = YES;
				ONLY_ACTIVE_ARCH = YES;
				SDKROOT = iphoneos;
				SWIFT_ACTIVE_COMPILATION_CONDITIONS = "DEBUG $(inherited)";
				SWIFT_OPTIMIZATION_LEVEL = "-Onone";
			};
			name = Debug;
		};
		1A2B3C4D5E6F7A8B9C4C /* Release */ = {
			isa = XCBuildConfiguration;
			buildSettings = {
				ALWAYS_SEARCH_USER_PATHS = NO;
				ASSETCATALOG_COMPILER_GENERATE_SWIFT_ASSET_SYMBOL_EXTENSIONS = YES;
				CLANG_ANALYZER_NONNULL = YES;
				CLANG_ANALYZER_NUMBER_OBJECT_CONVERSION = YES_AGGRESSIVE;
				CLANG_CXX_LANGUAGE_STANDARD = "gnu++20";
				CLANG_ENABLE_MODULES = YES;
				CLANG_ENABLE_OBJC_ARC = YES;
				CLANG_ENABLE_OBJC_WEAK = YES;
				CLANG_WARN_BLOCK_CAPTURE_AUTORELEASING = YES;
				CLANG_WARN_BOOL_CONVERSION = YES;
				CLANG_WARN_COMMA = YES;
				CLANG_WARN_CONSTANT_CONVERSION = YES;
				CLANG_WARN_DEPRECATED_OBJC_IMPLEMENTATIONS = YES;
				CLANG_WARN_DIRECT_OBJC_ISA_USAGE = YES_ERROR;
				CLANG_WARN_DOCUMENTATION_COMMENTS = YES;
				CLANG_WARN_EMPTY_BODY = YES;
				CLANG_WARN_ENUM_CONVERSION = YES;
				CLANG_WARN_INFINITE_RECURSION = YES;
				CLANG_WARN_INT_CONVERSION = YES;
				CLANG_WARN_NON_LITERAL_NULL_CONVERSION = YES;
				CLANG_WARN_OBJC_IMPLICIT_RETAIN_SELF = YES;
				CLANG_WARN_OBJC_LITERAL_CONVERSION = YES;
				CLANG_WARN_OBJC_ROOT_CLASS = YES_ERROR;
				CLANG_WARN_QUOTED_INCLUDE_IN_FRAMEWORK_HEADER = YES;
				CLANG_WARN_RANGE_LOOP_ANALYSIS = YES;
				CLANG_WARN_STRICT_PROTOTYPES = YES;
				CLANG_WARN_SUSPICIOUS_MOVE = YES;
				CLANG_WARN_UNGUARDED_AVAILABILITY = YES_AGGRESSIVE;
				CLANG_WARN_UNREACHABLE_CODE = YES;
				CLANG_WARN__DUPLICATE_METHOD_MATCH = YES;
				COPY_PHASE_STRIP = NO;
				DEBUG_INFORMATION_FORMAT = "dwarf-with-dsym";
				ENABLE_NS_ASSERTIONS = NO;
				ENABLE_STRICT_OBJC_MSGSEND = YES;
				ENABLE_USER_SCRIPT_SANDBOXING = YES;
				GCC_C_LANGUAGE_STANDARD = gnu17;
				GCC_NO_COMMON_BLOCKS = YES;
				GCC_WARN_64_TO_32_BIT_CONVERSION = YES;
				GCC_WARN_ABOUT_RETURN_TYPE = YES_ERROR;
				GCC_WARN_UNDECLARED_SELECTOR = YES;
				GCC_WARN_UNINITIALIZED_AUTOS = YES_AGGRESSIVE;
				GCC_WARN_UNUSED_FUNCTION = YES;
				GCC_WARN_UNUSED_VARIABLE = YES;
				IPHONEOS_DEPLOYMENT_TARGET = 17.0;
				LOCALIZATION_PREFERS_STRING_CATALOGS = YES;
				MTL_ENABLE_DEBUG_INFO = NO;
				MTL_FAST_MATH = YES;
				SDKROOT = iphoneos;
				SWIFT_COMPILATION_MODE = wholemodule;
				VALIDATE_PRODUCT = YES;
			};
			name = Release;
		};
		1A2B3C4D5E6F7A8B9C4D /* Debug */ = {
			isa = XCBuildConfiguration;
			buildSettings = {
				ASSETCATALOG_COMPILER_APPICON_NAME = AppIcon;
				ASSETCATALOG_COMPILER_GLOBAL_ACCENT_COLOR_NAME = AccentColor;
				CODE_SIGN_STYLE = Automatic;
				CURRENT_PROJECT_VERSION = 1;
				DEVELOPMENT_TEAM = "";
				ENABLE_PREVIEWS = YES;
				GENERATE_INFOPLIST_FILE = YES;
				INFOPLIST_FILE = ZCinema/Info.plist;
				INFOPLIST_KEY_UIApplicationSceneManifest_Generation = YES;
				INFOPLIST_KEY_UIApplicationSupportsIndirectInputEvents = YES;
				INFOPLIST_KEY_UILaunchScreen_Generation = YES;
				INFOPLIST_KEY_UISupportedInterfaceOrientations_iPhone = "UIInterfaceOrientationPortrait UIInterfaceOrientationLandscapeLeft UIInterfaceOrientationLandscapeRight";
				LD_RUNPATH_SEARCH_PATHS = (
					"$(inherited)",
					"@executable_path/Frameworks",
				);
				MARKETING_VERSION = 1.0;
				PRODUCT_BUNDLE_IDENTIFIER = com.zcinema.app;
				PRODUCT_NAME = "$(TARGET_NAME)";
				SWIFT_EMIT_LOC_STRINGS = YES;
				SWIFT_VERSION = 5.0;
				TARGETED_DEVICE_FAMILY = "1,2";
			};
			name = Debug;
		};
		1A2B3C4D5E6F7A8B9C4E /* Release */ = {
			isa = XCBuildConfiguration;
			buildSettings = {
				ASSETCATALOG_COMPILER_APPICON_NAME = AppIcon;
				ASSETCATALOG_COMPILER_GLOBAL_ACCENT_COLOR_NAME = AccentColor;
				CODE_SIGN_STYLE = Automatic;
				CURRENT_PROJECT_VERSION = 1;
				DEVELOPMENT_TEAM = "";
				ENABLE_PREVIEWS = YES;
				GENERATE_INFOPLIST_FILE = YES;
				INFOPLIST_FILE = ZCinema/Info.plist;
				INFOPLIST_KEY_UIApplicationSceneManifest_Generation = YES;
				INFOPLIST_KEY_UIApplicationSupportsIndirectInputEvents = YES;
				INFOPLIST_KEY_UILaunchScreen_Generation = YES;
				INFOPLIST_KEY_UISupportedInterfaceOrientations_iPhone = "UIInterfaceOrientationPortrait UIInterfaceOrientationLandscapeLeft UIInterfaceOrientationLandscapeRight";
				LD_RUNPATH_SEARCH_PATHS = (
					"$(inherited)",
					"@executable_path/Frameworks",
				);
				MARKETING_VERSION = 1.0;
				PRODUCT_BUNDLE_IDENTIFIER = com.zcinema.app;
				PRODUCT_NAME = "$(TARGET_NAME)";
				SWIFT_EMIT_LOC_STRINGS = YES;
				SWIFT_VERSION = 5.0;
				TARGETED_DEVICE_FAMILY = "1,2";
			};
			name = Release;
		};
/* End XCBuildConfiguration section */

/* Begin XCConfigurationList section */
		1A2B3C4D5E6F7A8B9C46 /* Build configuration list for PBXNativeTarget "ZCinema" */ = {
			isa = XCConfigurationList;
			buildConfigurations = (
				1A2B3C4D5E6F7A8B9C4D /* Debug */,
				1A2B3C4D5E6F7A8B9C4E /* Release */,
			);
			defaultConfigurationIsVisible = 0;
			defaultConfigurationName = Release;
		};
		1A2B3C4D5E6F7A8B9C4A /* Build configuration list for PBXProject "ZCinema" */ = {
			isa = XCConfigurationList;
			buildConfigurations = (
				1A2B3C4D5E6F7A8B9C4B /* Debug */,
				1A2B3C4D5E6F7A8B9C4C /* Release */,
			);
			defaultConfigurationIsVisible = 0;
			defaultConfigurationName = Release;
		};
/* End XCConfigurationList section */
	};
	rootObject = 1A2B3C4D5E6F7A8B9C49 /* Project object */;
}